<?xml version="1.0" encoding="utf-8"?>
<Project ToolsVersion="4.0" xmlns="http://schemas.microsoft.com/developer/msbuild/2003">
  <ItemGroup>
    <ClCompile Include="soce\object.cpp">
      <Filter>main</Filter>
    </ClCompile>
    <ClCompile Include="soce\winmain.cpp">
      <Filter>main</Filter>
    </ClCompile>
    <ClCompile Include="soce\level.cpp" />
    <ClCompile Include="soce\collision.cpp" />
    <ClCompile Include="soce\barrett.cpp" />
    <ClCompile Include="soce\game.cpp" />
    <ClCompile Include="soce\player.cpp" />
  </ItemGroup>
  <ItemGroup>
    <ClInclude Include="soce\config.h" />
    <ClInclude Include="soce\object.h">
      <Filter>main</Filter>
    </ClInclude>
    <ClInclude Include="soce\level.h" />
    <ClInclude Include="soce\collision.h" />
    <ClInclude Include="soce\game.h" />
    <ClInclude Include="soce\player.h" />
    <ClInclude Include="soce\barrett.h" />
  </ItemGroup>
  <ItemGroup>
    <Filter Include="main">
      <UniqueIdentifier>{52d98431-2315-42c0-b920-d67592bccd39}</UniqueIdentifier>
    </Filter>
  </ItemGroup>
</Project>